
Microsoft Visual Studio Solution File, Format Version 12.00
# Visual Studio Version 17
VisualStudioVersion = 17.13.36105.23 d17.13
MinimumVisualStudioVersion = 10.0.40219.1
Project("{FAE04EC0-301F-11D3-BF4B-00C04F79EFBC}") = "NeoText.Server", "NeoText.Server\NeoText.Server.csproj", "{8B8C7E0F-A79C-4072-BE39-2664F82D50AF}"
EndProject
Global
	GlobalSection(SolutionConfigurationPlatforms) = preSolution
		Debug|Any CPU = Debug|Any CPU
		Release|Any CPU = Release|Any CPU
	EndGlobalSection
	GlobalSection(ProjectConfigurationPlatforms) = postSolution
		{8B8C7E0F-A79C-4072-BE39-2664F82D50AF}.Debug|Any CPU.ActiveCfg = Debug|Any CPU
		{8B8C7E0F-A79C-4072-BE39-2664F82D50AF}.Debug|Any CPU.Build.0 = Debug|Any CPU
		{8B8C7E0F-A79C-4072-BE39-2664F82D50AF}.Release|Any CPU.ActiveCfg = Release|Any CPU
		{8B8C7E0F-A79C-4072-BE39-2664F82D50AF}.Release|Any CPU.Build.0 = Release|Any CPU
	EndGlobalSection
	GlobalSection(SolutionProperties) = preSolution
		HideSolutionNode = FALSE
	EndGlobalSection
	GlobalSection(ExtensibilityGlobals) = postSolution
		SolutionGuid = {6B4F1620-F9A9-43A0-953D-7B5E846A757C}
	EndGlobalSection
EndGlobal
